// !$*UTF8*$!
{
	archiveVersion = 1;
	classes = {
	};
	objectVersion = 46;
	objects = {

/* Begin PBXBuildFile section */
		9F03FD8B1D88895C008CDAE0 /* TabBarController.m in Sources */ = {isa = PBXBuildFile; fileRef = 9F03FD8A1D88895C008CDAE0 /* TabBarController.m */; };
		9F167CB91D7F6FA800F1BB77 /* main.m in Sources */ = {isa = PBXBuildFile; fileRef = 9F167CB81D7F6FA800F1BB77 /* main.m */; };
		9F167CBC1D7F6FA800F1BB77 /* AppDelegate.m in Sources */ = {isa = PBXBuildFile; fileRef = 9F167CBB1D7F6FA800F1BB77 /* AppDelegate.m */; };
		9F167CBF1D7F6FA800F1BB77 /* ViewController.m in Sources */ = {isa = PBXBuildFile; fileRef = 9F167CBE1D7F6FA800F1BB77 /* ViewController.m */; };
		9F167CC41D7F6FA800F1BB77 /* Assets.xcassets in Resources */ = {isa = PBXBuildFile; fileRef = 9F167CC31D7F6FA800F1BB77 /* Assets.xcassets */; };
		9F167CD01D804B1800F1BB77 /* NavigationController.m in Sources */ = {isa = PBXBuildFile; fileRef = 9F167CCF1D804B1800F1BB77 /* NavigationController.m */; };
		9F3CAF841DC0383D008BF629 /* Main.storyboard in Resources */ = {isa = PBXBuildFile; fileRef = 9F3CAF821DC0383D008BF629 /* Main.storyboard */; };
		9F3CAF871DC0384B008BF629 /* LaunchScreen.storyboard in Resources */ = {isa = PBXBuildFile; fileRef = 9F3CAF851DC0384B008BF629 /* LaunchScreen.storyboard */; };
		9FD91F031D8AD35C00E79601 /* RootVC.m in Sources */ = {isa = PBXBuildFile; fileRef = 9FD91F021D8AD35C00E79601 /* RootVC.m */; };
		9FDE253F1D88B6F400EDFB0B /* OnMyCameraVC.m in Sources */ = {isa = PBXBuildFile; fileRef = 9FDE253E1D88B6F400EDFB0B /* OnMyCameraVC.m */; };
/* End PBXBuildFile section */

/* Begin PBXFileReference section */
		9F03FD891D88895C008CDAE0 /* TabBarController.h */ = {isa = PBXFileReference; fileEncoding = 4; lastKnownFileType = sourcecode.c.h; name = TabBarController.h; path = ../SizeClassesRotationTester/TabBarController.h; sourceTree = "<group>"; };
		9F03FD8A1D88895C008CDAE0 /* TabBarController.m */ = {isa = PBXFileReference; fileEncoding = 4; lastKnownFileType = sourcecode.c.objc; name = TabBarController.m; path = ../SizeClassesRotationTester/TabBarController.m; sourceTree = "<group>"; };
		9F167CB41D7F6FA800F1BB77 /* SizeClassesRotationTester.app */ = {isa = PBXFileReference; explicitFileType = wrapper.application; includeInIndex = 0; path = SizeClassesRotationTester.app; sourceTree = BUILT_PRODUCTS_DIR; };
		9F167CB81D7F6FA800F1BB77 /* main.m */ = {isa = PBXFileReference; lastKnownFileType = sourcecode.c.objc; name = main.m; path = ../SizeClassesRotationTester/main.m; sourceTree = "<group>"; };
		9F167CBA1D7F6FA800F1BB77 /* AppDelegate.h */ = {isa = PBXFileReference; lastKnownFileType = sourcecode.c.h; name = AppDelegate.h; path = ../SizeClassesRotationTester/AppDelegate.h; sourceTree = "<group>"; };
		9F167CBB1D7F6FA800F1BB77 /* AppDelegate.m */ = {isa = PBXFileReference; lastKnownFileType = sourcecode.c.objc; name = AppDelegate.m; path = ../SizeClassesRotationTester/AppDelegate.m; sourceTree = "<group>"; };
		9F167CBD1D7F6FA800F1BB77 /* ViewController.h */ = {isa = PBXFileReference; lastKnownFileType = sourcecode.c.h; name = ViewController.h; path = ../SizeClassesRotationTester/ViewController.h; sourceTree = "<group>"; };
		9F167CBE1D7F6FA800F1BB77 /* ViewController.m */ = {isa = PBXFileReference; lastKnownFileType = sourcecode.c.objc; name = ViewController.m; path = ../SizeClassesRotationTester/ViewController.m; sourceTree = "<group>"; };
		9F167CC31D7F6FA800F1BB77 /* Assets.xcassets */ = {isa = PBXFileReference; lastKnownFileType = folder.assetcatalog; name = Assets.xcassets; path = ../SizeClassesRotationTester/Assets.xcassets; sourceTree = "<group>"; };
		9F167CC81D7F6FA800F1BB77 /* Info.plist */ = {isa = PBXFileReference; lastKnownFileType = text.plist.xml; name = Info.plist; path = ../SizeClassesRotationTester/Info.plist; sourceTree = "<group>"; };
		9F167CCE1D804AB300F1BB77 /* NavigationController.h */ = {isa = PBXFileReference; fileEncoding = 4; lastKnownFileType = sourcecode.c.h; name = NavigationController.h; path = ../SizeClassesRotationTester/NavigationController.h; sourceTree = "<group>"; };
		9F167CCF1D804B1800F1BB77 /* NavigationController.m */ = {isa = PBXFileReference; fileEncoding = 4; lastKnownFileType = sourcecode.c.objc; name = NavigationController.m; path = ../SizeClassesRotationTester/NavigationController.m; sourceTree = "<group>"; };
		9F3CAF831DC0383D008BF629 /* Base */ = {isa = PBXFileReference; lastKnownFileType = file.storyboard; name = Base; path = SizeClassesRotationTester/Base.lproj/Main.storyboard; sourceTree = SOURCE_ROOT; };
		9F3CAF861DC0384B008BF629 /* Base */ = {isa = PBXFileReference; lastKnownFileType = file.storyboard; name = Base; path = SizeClassesRotationTester/Base.lproj/LaunchScreen.storyboard; sourceTree = SOURCE_ROOT; };
		9FD91F011D8AD35C00E79601 /* RootVC.h */ = {isa = PBXFileReference; fileEncoding = 4; lastKnownFileType = sourcecode.c.h; name = RootVC.h; path = ../SizeClassesRotationTester/RootVC.h; sourceTree = "<group>"; };
		9FD91F021D8AD35C00E79601 /* RootVC.m */ = {isa = PBXFileReference; fileEncoding = 4; lastKnownFileType = sourcecode.c.objc; name = RootVC.m; path = ../SizeClassesRotationTester/RootVC.m; sourceTree = "<group>"; };
		9FDE253D1D88B6F400EDFB0B /* OnMyCameraVC.h */ = {isa = PBXFileReference; fileEncoding = 4; lastKnownFileType = sourcecode.c.h; name = OnMyCameraVC.h; path = ../SizeClassesRotationTester/OnMyCameraVC.h; sourceTree = "<group>"; };
		9FDE253E1D88B6F400EDFB0B /* OnMyCameraVC.m */ = {isa = PBXFileReference; fileEncoding = 4; lastKnownFileType = sourcecode.c.objc; name = OnMyCameraVC.m; path = ../SizeClassesRotationTester/OnMyCameraVC.m; sourceTree = "<group>"; };
/* End PBXFileReference section */

/* Begin PBXFrameworksBuildPhase section */
		9F167CB11D7F6FA800F1BB77 /* Frameworks */ = {
			isa = PBXFrameworksBuildPhase;
			buildActionMask = 2147483647;
			files = (
			);
			runOnlyForDeploymentPostprocessing = 0;
		};
/* End PBXFrameworksBuildPhase section */

/* Begin PBXGroup section */
		9F167CAB1D7F6FA800F1BB77 = {
			isa = PBXGroup;
			children = (
				9F167CB61D7F6FA800F1BB77 /* RotationTester */,
				9F167CB51D7F6FA800F1BB77 /* Products */,
			);
			sourceTree = "<group>";
		};
		9F167CB51D7F6FA800F1BB77 /* Products */ = {
			isa = PBXGroup;
			children = (
				9F167CB41D7F6FA800F1BB77 /* SizeClassesRotationTester.app */,
			);
			name = Products;
			sourceTree = "<group>";
		};
		9F167CB61D7F6FA800F1BB77 /* RotationTester */ = {
			isa = PBXGroup;
			children = (
				9F167CBA1D7F6FA800F1BB77 /* AppDelegate.h */,
				9F167CBB1D7F6FA800F1BB77 /* AppDelegate.m */,
				9FD91F011D8AD35C00E79601 /* RootVC.h */,
				9FD91F021D8AD35C00E79601 /* RootVC.m */,
				9F167CBD1D7F6FA800F1BB77 /* ViewController.h */,
				9F167CBE1D7F6FA800F1BB77 /* ViewController.m */,
				9FDE253D1D88B6F400EDFB0B /* OnMyCameraVC.h */,
				9FDE253E1D88B6F400EDFB0B /* OnMyCameraVC.m */,
				9F3CAF821DC0383D008BF629 /* Main.storyboard */,
				9F3CAF851DC0384B008BF629 /* LaunchScreen.storyboard */,
				9F167CCE1D804AB300F1BB77 /* NavigationController.h */,
				9F167CCF1D804B1800F1BB77 /* NavigationController.m */,
				9F03FD891D88895C008CDAE0 /* TabBarController.h */,
				9F03FD8A1D88895C008CDAE0 /* TabBarController.m */,
				9F167CC31D7F6FA800F1BB77 /* Assets.xcassets */,
				9F167CC81D7F6FA800F1BB77 /* Info.plist */,
				9F167CB71D7F6FA800F1BB77 /* Supporting Files */,
			);
			path = RotationTester;
			sourceTree = "<group>";
		};
		9F167CB71D7F6FA800F1BB77 /* Supporting Files */ = {
			isa = PBXGroup;
			children = (
				9F167CB81D7F6FA800F1BB77 /* main.m */,
			);
			name = "Supporting Files";
			sourceTree = "<group>";
		};
/* End PBXGroup section */

/* Begin PBXNativeTarget section */
		9F167CB31D7F6FA800F1BB77 /* SizeClassesRotationTester */ = {
			isa = PBXNativeTarget;
			buildConfigurationList = 9F167CCB1D7F6FA800F1BB77 /* Build configuration list for PBXNativeTarget "SizeClassesRotationTester" */;
			buildPhases = (
				9F167CB01D7F6FA800F1BB77 /* Sources */,
				9F167CB11D7F6FA800F1BB77 /* Frameworks */,
				9F167CB21D7F6FA800F1BB77 /* Resources */,
			);
			buildRules = (
			);
			dependencies = (
			);
			name = SizeClassesRotationTester;
			productName = RotationTester;
			productReference = 9F167CB41D7F6FA800F1BB77 /* SizeClassesRotationTester.app */;
			productType = "com.apple.product-type.application";
		};
/* End PBXNativeTarget section */

/* Begin PBXProject section */
		9F167CAC1D7F6FA800F1BB77 /* Project object */ = {
			isa = PBXProject;
			attributes = {
				LastUpgradeCheck = 0810;
				ORGANIZATIONNAME = "Allen H";
				TargetAttributes = {
					9F167CB31D7F6FA800F1BB77 = {
						CreatedOnToolsVersion = 7.3.1;
						DevelopmentTeam = UCLU3TCMM8;
						ProvisioningStyle = Automatic;
					};
				};
			};
			buildConfigurationList = 9F167CAF1D7F6FA800F1BB77 /* Build configuration list for PBXProject "SizeClassesRotationTester" */;
			compatibilityVersion = "Xcode 3.2";
			developmentRegion = English;
			hasScannedForEncodings = 0;
			knownRegions = (
				en,
				Base,
			);
			mainGroup = 9F167CAB1D7F6FA800F1BB77;
			productRefGroup = 9F167CB51D7F6FA800F1BB77 /* Products */;
			projectDirPath = "";
			projectRoot = "";
			targets = (
				9F167CB31D7F6FA800F1BB77 /* SizeClassesRotationTester */,
			);
		};
/* End PBXProject section */

/* Begin PBXResourcesBuildPhase section */
		9F167CB21D7F6FA800F1BB77 /* Resources */ = {
			isa = PBXResourcesBuildPhase;
			buildActionMask = 2147483647;
			files = (
				9F3CAF871DC0384B008BF629 /* LaunchScreen.storyboard in Resources */,
				9F3CAF841DC0383D008BF629 /* Main.storyboard in Resources */,
				9F167CC41D7F6FA800F1BB77 /* Assets.xcassets in Resources */,
			);
			runOnlyForDeploymentPostprocessing = 0;
		};
/* End PBXResourcesBuildPhase section */

/* Begin PBXSourcesBuildPhase section */
		9F167CB01D7F6FA800F1BB77 /* Sources */ = {
			isa = PBXSourcesBuildPhase;
			buildActionMask = 2147483647;
			files = (
				9FD91F031D8AD35C00E79601 /* RootVC.m in Sources */,
				9F167CBF1D7F6FA800F1BB77 /* ViewController.m in Sources */,
				9F167CD01D804B1800F1BB77 /* NavigationController.m in Sources */,
				9FDE253F1D88B6F400EDFB0B /* OnMyCameraVC.m in Sources */,
				9F03FD8B1D88895C008CDAE0 /* TabBarController.m in Sources */,
				9F167CBC1D7F6FA800F1BB77 /* AppDelegate.m in Sources */,
				9F167CB91D7F6FA800F1BB77 /* main.m in Sources */,
			);
			runOnlyForDeploymentPostprocessing = 0;
		};
/* End PBXSourcesBuildPhase section */

/* Begin PBXVariantGroup section */
		9F3CAF821DC0383D008BF629 /* Main.storyboard */ = {
			isa = PBXVariantGroup;
			children = (
				9F3CAF831DC0383D008BF629 /* Base */,
			);
			name = Main.storyboard;
			sourceTree = "<group>";
		};
		9F3CAF851DC0384B008BF629 /* LaunchScreen.storyboard */ = {
			isa = PBXVariantGroup;
			children = (
				9F3CAF861DC0384B008BF629 /* Base */,
			);
			name = LaunchScreen.storyboard;
			sourceTree = "<group>";
		};
/* End PBXVariantGroup section */

/* Begin XCBuildConfiguration section */
		9F167CC91D7F6FA800F1BB77 /* Debug */ = {
			isa = XCBuildConfiguration;
			buildSettings = {
				ALWAYS_SEARCH_USER_PATHS = NO;
				CLANG_ANALYZER_NONNULL = YES;
				CLANG_CXX_LANGUAGE_STANDARD = "gnu++0x";
				CLANG_CXX_LIBRARY = "libc++";
				CLANG_ENABLE_MODULES = YES;
				CLANG_ENABLE_OBJC_ARC = YES;
				CLANG_WARN_BOOL_CONVERSION = YES;
				CLANG_WARN_CONSTANT_CONVERSION = YES;
				CLANG_WARN_DIRECT_OBJC_ISA_USAGE = YES_ERROR;
				CLANG_WARN_EMPTY_BODY = YES;
				CLANG_WARN_ENUM_CONVERSION = YES;
				CLANG_WARN_INFINITE_RECURSION = YES;
				CLANG_WARN_INT_CONVERSION = YES;
				CLANG_WARN_OBJC_ROOT_CLASS = YES_ERROR;
				CLANG_WARN_SUSPICIOUS_MOVE = YES;
				CLANG_WARN_UNREACHABLE_CODE = YES;
				CLANG_WARN__DUPLICATE_METHOD_MATCH = YES;
				"CODE_SIGN_IDENTITY[sdk=iphoneos*]" = "iPhone Developer";
				COPY_PHASE_STRIP = NO;
				DEBUG_INFORMATION_FORMAT = dwarf;
				ENABLE_STRICT_OBJC_MSGSEND = YES;
				ENABLE_TESTABILITY = YES;
				GCC_C_LANGUAGE_STANDARD = gnu99;
				GCC_DYNAMIC_NO_PIC = NO;
				GCC_NO_COMMON_BLOCKS = YES;
				GCC_OPTIMIZATION_LEVEL = 0;
				GCC_PREPROCESSOR_DEFINITIONS = (
					"DEBUG=1",
					"$(inherited)",
				);
				GCC_WARN_64_TO_32_BIT_CONVERSION = YES;
				GCC_WARN_ABOUT_RETURN_TYPE = YES_ERROR;
				GCC_WARN_UNDECLARED_SELECTOR = YES;
				GCC_WARN_UNINITIALIZED_AUTOS = YES_AGGRESSIVE;
				GCC_WARN_UNUSED_FUNCTION = YES;
				GCC_WARN_UNUSED_VARIABLE = YES;
				IPHONEOS_DEPLOYMENT_TARGET = 9.3;
				MTL_ENABLE_DEBUG_INFO = YES;
				ONLY_ACTIVE_ARCH = YES;
				SDKROOT = iphoneos;
				TARGETED_DEVICE_FAMILY = "1,2";
			};
			name = Debug;
		};
		9F167CCA1D7F6FA800F1BB77 /* Release */ = {
			isa = XCBuildConfiguration;
			buildSettings = {
				ALWAYS_SEARCH_USER_PATHS = NO;
				CLANG_ANALYZER_NONNULL = YES;
				CLANG_CXX_LANGUAGE_STANDARD = "gnu++0x";
				CLANG_CXX_LIBRARY = "libc++";
				CLANG_ENABLE_MODULES = YES;
				CLANG_ENABLE_OBJC_ARC = YES;
				CLANG_WARN_BOOL_CONVERSION = YES;
				CLANG_WARN_CONSTANT_CONVERSION = YES;
				CLANG_WARN_DIRECT_OBJC_ISA_USAGE = YES_ERROR;
				CLANG_WARN_EMPTY_BODY = YES;
				CLANG_WARN_ENUM_CONVERSION = YES;
				CLANG_WARN_INFINITE_RECURSION = YES;
				CLANG_WARN_INT_CONVERSION = YES;
				CLANG_WARN_OBJC_ROOT_CLASS = YES_ERROR;
				CLANG_WARN_SUSPICIOUS_MOVE = YES;
				CLANG_WARN_UNREACHABLE_CODE = YES;
				CLANG_WARN__DUPLICATE_METHOD_MATCH = YES;
				"CODE_SIGN_IDENTITY[sdk=iphoneos*]" = "iPhone Developer";
				COPY_PHASE_STRIP = NO;
				DEBUG_INFORMATION_FORMAT = "dwarf-with-dsym";
				ENABLE_NS_ASSERTIONS = NO;
				ENABLE_STRICT_OBJC_MSGSEND = YES;
				GCC_C_LANGUAGE_STANDARD = gnu99;
				GCC_NO_COMMON_BLOCKS = YES;
				GCC_WARN_64_TO_32_BIT_CONVERSION = YES;
				GCC_WARN_ABOUT_RETURN_TYPE = YES_ERROR;
				GCC_WARN_UNDECLARED_SELECTOR = YES;
				GCC_WARN_UNINITIALIZED_AUTOS = YES_AGGRESSIVE;
				GCC_WARN_UNUSED_FUNCTION = YES;
				GCC_WARN_UNUSED_VARIABLE = YES;
				IPHONEOS_DEPLOYMENT_TARGET = 9.3;
				MTL_ENABLE_DEBUG_INFO = NO;
				SDKROOT = iphoneos;
				TARGETED_DEVICE_FAMILY = "1,2";
				VALIDATE_PRODUCT = YES;
			};
			name = Release;
		};
		9F167CCC1D7F6FA800F1BB77 /* Debug */ = {
			isa = XCBuildConfiguration;
			buildSettings = {
				ASSETCATALOG_COMPILER_APPICON_NAME = AppIcon;
				"CODE_SIGN_IDENTITY[sdk=iphoneos*]" = "iPhone Developer";
				DEVELOPMENT_TEAM = UCLU3TCMM8;
				INFOPLIST_FILE = SizeClassesRotationTester/Info.plist;
				LD_RUNPATH_SEARCH_PATHS = "$(inherited) @executable_path/Frameworks";
				PRODUCT_BUNDLE_IDENTIFIER = "tech.humphreys.size-class-rotations";
				PRODUCT_NAME = "$(TARGET_NAME)";
				PROVISIONING_PROFILE = "";
				PROVISIONING_PROFILE_SPECIFIER = "";
			};
			name = Debug;
		};
		9F167CCD1D7F6FA800F1BB77 /* Release */ = {
			isa = XCBuildConfiguration;
			buildSettings = {
				ASSETCATALOG_COMPILER_APPICON_NAME = AppIcon;
				"CODE_SIGN_IDENTITY[sdk=iphoneos*]" = "iPhone Developer";
				DEVELOPMENT_TEAM = UCLU3TCMM8;
				INFOPLIST_FILE = SizeClassesRotationTester/Info.plist;
				LD_RUNPATH_SEARCH_PATHS = "$(inherited) @executable_path/Frameworks";
				PRODUCT_BUNDLE_IDENTIFIER = "tech.humphreys.size-class-rotations";
				PRODUCT_NAME = "$(TARGET_NAME)";
			};
			name = Release;
		};
/* End XCBuildConfiguration section */

/* Begin XCConfigurationList section */
		9F167CAF1D7F6FA800F1BB77 /* Build configuration list for PBXProject "SizeClassesRotationTester" */ = {
			isa = XCConfigurationList;
			buildConfigurations = (
				9F167CC91D7F6FA800F1BB77 /* Debug */,
				9F167CCA1D7F6FA800F1BB77 /* Release */,
			);
			defaultConfigurationIsVisible = 0;
			defaultConfigurationName = Release;
		};
		9F167CCB1D7F6FA800F1BB77 /* Build configuration list for PBXNativeTarget "SizeClassesRotationTester" */ = {
			isa = XCConfigurationList;
			buildConfigurations = (
				9F167CCC1D7F6FA800F1BB77 /* Debug */,
				9F167CCD1D7F6FA800F1BB77 /* Release */,
			);
			defaultConfigurationIsVisible = 0;
			defaultConfigurationName = Release;
		};
/* End XCConfigurationList section */
	};
	rootObject = 9F167CAC1D7F6FA800F1BB77 /* Project object */;
}
